
Microsoft Visual Studio Solution File, Format Version 12.00
# Visual Studio 15
VisualStudioVersion = 15.0.26124.0
MinimumVisualStudioVersion = 15.0.26124.0
Project("{2150E333-8FDC-42A3-9474-1A3956D46DE8}") = "src", "src", "{E77B1679-F286-4E64-BA4D-32E4BECD0827}"
EndProject
Project("{FAE04EC0-301F-11D3-BF4B-00C04F79EFBC}") = "gidu.DI", "src\gidu.DI\gidu.DI.csproj", "{F75AD8F8-2F67-4FF3-9ABF-654BB702BDE7}"
EndProject
Project("{FAE04EC0-301F-11D3-BF4B-00C04F79EFBC}") = "gidu.Domain", "src\gidu.Domain\gidu.Domain.csproj", "{5D038DBB-79AC-4CD1-9C77-953DD8071D6B}"
EndProject
Project("{FAE04EC0-301F-11D3-BF4B-00C04F79EFBC}") = "gidu.Repository", "src\gidu.Repository\gidu.Repository.csproj", "{0B21FEC0-491A-4B50-8531-A09B74115DC9}"
EndProject
Project("{FAE04EC0-301F-11D3-BF4B-00C04F79EFBC}") = "gidu.WebAPI", "src\gidu.WebAPI\gidu.WebAPI.csproj", "{9A662FD4-49B2-4CCB-91FA-B97DD4331CD7}"
EndProject
Project("{2150E333-8FDC-42A3-9474-1A3956D46DE8}") = "test", "test", "{3151D2E3-2972-474A-8E95-9F8EDDA7E5BD}"
EndProject
Project("{FAE04EC0-301F-11D3-BF4B-00C04F79EFBC}") = "gidu.DomainTest", "test\gidu.DomainTest\gidu.DomainTest.csproj", "{2A8CF9D9-2B23-4E26-92F4-92B7D1A3182A}"
EndProject
Global
	GlobalSection(SolutionConfigurationPlatforms) = preSolution
		Debug|Any CPU = Debug|Any CPU
		Debug|x64 = Debug|x64
		Debug|x86 = Debug|x86
		Release|Any CPU = Release|Any CPU
		Release|x64 = Release|x64
		Release|x86 = Release|x86
	EndGlobalSection
	GlobalSection(SolutionProperties) = preSolution
		HideSolutionNode = FALSE
	EndGlobalSection
	GlobalSection(ProjectConfigurationPlatforms) = postSolution
		{F75AD8F8-2F67-4FF3-9ABF-654BB702BDE7}.Debug|Any CPU.ActiveCfg = Debug|Any CPU
		{F75AD8F8-2F67-4FF3-9ABF-654BB702BDE7}.Debug|Any CPU.Build.0 = Debug|Any CPU
		{F75AD8F8-2F67-4FF3-9ABF-654BB702BDE7}.Debug|x64.ActiveCfg = Debug|Any CPU
		{F75AD8F8-2F67-4FF3-9ABF-654BB702BDE7}.Debug|x64.Build.0 = Debug|Any CPU
		{F75AD8F8-2F67-4FF3-9ABF-654BB702BDE7}.Debug|x86.ActiveCfg = Debug|Any CPU
		{F75AD8F8-2F67-4FF3-9ABF-654BB702BDE7}.Debug|x86.Build.0 = Debug|Any CPU
		{F75AD8F8-2F67-4FF3-9ABF-654BB702BDE7}.Release|Any CPU.ActiveCfg = Release|Any CPU
		{F75AD8F8-2F67-4FF3-9ABF-654BB702BDE7}.Release|Any CPU.Build.0 = Release|Any CPU
		{F75AD8F8-2F67-4FF3-9ABF-654BB702BDE7}.Release|x64.ActiveCfg = Release|Any CPU
		{F75AD8F8-2F67-4FF3-9ABF-654BB702BDE7}.Release|x64.Build.0 = Release|Any CPU
		{F75AD8F8-2F67-4FF3-9ABF-654BB702BDE7}.Release|x86.ActiveCfg = Release|Any CPU
		{F75AD8F8-2F67-4FF3-9ABF-654BB702BDE7}.Release|x86.Build.0 = Release|Any CPU
		{5D038DBB-79AC-4CD1-9C77-953DD8071D6B}.Debug|Any CPU.ActiveCfg = Debug|Any CPU
		{5D038DBB-79AC-4CD1-9C77-953DD8071D6B}.Debug|Any CPU.Build.0 = Debug|Any CPU
		{5D038DBB-79AC-4CD1-9C77-953DD8071D6B}.Debug|x64.ActiveCfg = Debug|Any CPU
		{5D038DBB-79AC-4CD1-9C77-953DD8071D6B}.Debug|x64.Build.0 = Debug|Any CPU
		{5D038DBB-79AC-4CD1-9C77-953DD8071D6B}.Debug|x86.ActiveCfg = Debug|Any CPU
		{5D038DBB-79AC-4CD1-9C77-953DD8071D6B}.Debug|x86.Build.0 = Debug|Any CPU
		{5D038DBB-79AC-4CD1-9C77-953DD8071D6B}.Release|Any CPU.ActiveCfg = Release|Any CPU
		{5D038DBB-79AC-4CD1-9C77-953DD8071D6B}.Release|Any CPU.Build.0 = Release|Any CPU
		{5D038DBB-79AC-4CD1-9C77-953DD8071D6B}.Release|x64.ActiveCfg = Release|Any CPU
		{5D038DBB-79AC-4CD1-9C77-953DD8071D6B}.Release|x64.Build.0 = Release|Any CPU
		{5D038DBB-79AC-4CD1-9C77-953DD8071D6B}.Release|x86.ActiveCfg = Release|Any CPU
		{5D038DBB-79AC-4CD1-9C77-953DD8071D6B}.Release|x86.Build.0 = Release|Any CPU
		{0B21FEC0-491A-4B50-8531-A09B74115DC9}.Debug|Any CPU.ActiveCfg = Debug|Any CPU
		{0B21FEC0-491A-4B50-8531-A09B74115DC9}.Debug|Any CPU.Build.0 = Debug|Any CPU
		{0B21FEC0-491A-4B50-8531-A09B74115DC9}.Debug|x64.ActiveCfg = Debug|Any CPU
		{0B21FEC0-491A-4B50-8531-A09B74115DC9}.Debug|x64.Build.0 = Debug|Any CPU
		{0B21FEC0-491A-4B50-8531-A09B74115DC9}.Debug|x86.ActiveCfg = Debug|Any CPU
		{0B21FEC0-491A-4B50-8531-A09B74115DC9}.Debug|x86.Build.0 = Debug|Any CPU
		{0B21FEC0-491A-4B50-8531-A09B74115DC9}.Release|Any CPU.ActiveCfg = Release|Any CPU
		{0B21FEC0-491A-4B50-8531-A09B74115DC9}.Release|Any CPU.Build.0 = Release|Any CPU
		{0B21FEC0-491A-4B50-8531-A09B74115DC9}.Release|x64.ActiveCfg = Release|Any CPU
		{0B21FEC0-491A-4B50-8531-A09B74115DC9}.Release|x64.Build.0 = Release|Any CPU
		{0B21FEC0-491A-4B50-8531-A09B74115DC9}.Release|x86.ActiveCfg = Release|Any CPU
		{0B21FEC0-491A-4B50-8531-A09B74115DC9}.Release|x86.Build.0 = Release|Any CPU
		{9A662FD4-49B2-4CCB-91FA-B97DD4331CD7}.Debug|Any CPU.ActiveCfg = Debug|Any CPU
		{9A662FD4-49B2-4CCB-91FA-B97DD4331CD7}.Debug|Any CPU.Build.0 = Debug|Any CPU
		{9A662FD4-49B2-4CCB-91FA-B97DD4331CD7}.Debug|x64.ActiveCfg = Debug|Any CPU
		{9A662FD4-49B2-4CCB-91FA-B97DD4331CD7}.Debug|x64.Build.0 = Debug|Any CPU
		{9A662FD4-49B2-4CCB-91FA-B97DD4331CD7}.Debug|x86.ActiveCfg = Debug|Any CPU
		{9A662FD4-49B2-4CCB-91FA-B97DD4331CD7}.Debug|x86.Build.0 = Debug|Any CPU
		{9A662FD4-49B2-4CCB-91FA-B97DD4331CD7}.Release|Any CPU.ActiveCfg = Release|Any CPU
		{9A662FD4-49B2-4CCB-91FA-B97DD4331CD7}.Release|Any CPU.Build.0 = Release|Any CPU
		{9A662FD4-49B2-4CCB-91FA-B97DD4331CD7}.Release|x64.ActiveCfg = Release|Any CPU
		{9A662FD4-49B2-4CCB-91FA-B97DD4331CD7}.Release|x64.Build.0 = Release|Any CPU
		{9A662FD4-49B2-4CCB-91FA-B97DD4331CD7}.Release|x86.ActiveCfg = Release|Any CPU
		{9A662FD4-49B2-4CCB-91FA-B97DD4331CD7}.Release|x86.Build.0 = Release|Any CPU
		{2A8CF9D9-2B23-4E26-92F4-92B7D1A3182A}.Debug|Any CPU.ActiveCfg = Debug|Any CPU
		{2A8CF9D9-2B23-4E26-92F4-92B7D1A3182A}.Debug|Any CPU.Build.0 = Debug|Any CPU
		{2A8CF9D9-2B23-4E26-92F4-92B7D1A3182A}.Debug|x64.ActiveCfg = Debug|Any CPU
		{2A8CF9D9-2B23-4E26-92F4-92B7D1A3182A}.Debug|x64.Build.0 = Debug|Any CPU
		{2A8CF9D9-2B23-4E26-92F4-92B7D1A3182A}.Debug|x86.ActiveCfg = Debug|Any CPU
		{2A8CF9D9-2B23-4E26-92F4-92B7D1A3182A}.Debug|x86.Build.0 = Debug|Any CPU
		{2A8CF9D9-2B23-4E26-92F4-92B7D1A3182A}.Release|Any CPU.ActiveCfg = Release|Any CPU
		{2A8CF9D9-2B23-4E26-92F4-92B7D1A3182A}.Release|Any CPU.Build.0 = Release|Any CPU
		{2A8CF9D9-2B23-4E26-92F4-92B7D1A3182A}.Release|x64.ActiveCfg = Release|Any CPU
		{2A8CF9D9-2B23-4E26-92F4-92B7D1A3182A}.Release|x64.Build.0 = Release|Any CPU
		{2A8CF9D9-2B23-4E26-92F4-92B7D1A3182A}.Release|x86.ActiveCfg = Release|Any CPU
		{2A8CF9D9-2B23-4E26-92F4-92B7D1A3182A}.Release|x86.Build.0 = Release|Any CPU
	EndGlobalSection
	GlobalSection(NestedProjects) = preSolution
		{F75AD8F8-2F67-4FF3-9ABF-654BB702BDE7} = {E77B1679-F286-4E64-BA4D-32E4BECD0827}
		{5D038DBB-79AC-4CD1-9C77-953DD8071D6B} = {E77B1679-F286-4E64-BA4D-32E4BECD0827}
		{0B21FEC0-491A-4B50-8531-A09B74115DC9} = {E77B1679-F286-4E64-BA4D-32E4BECD0827}
		{9A662FD4-49B2-4CCB-91FA-B97DD4331CD7} = {E77B1679-F286-4E64-BA4D-32E4BECD0827}
		{2A8CF9D9-2B23-4E26-92F4-92B7D1A3182A} = {3151D2E3-2972-474A-8E95-9F8EDDA7E5BD}
	EndGlobalSection
EndGlobal
